{
  "version": 4,
  "terraform_version": "1.6.6",
  "serial": 223,
  "lineage": "92ad4a06-e3d6-0130-bdb8-acff3461d229",
  "outputs": {
    "ecr_repository_url": {
      "value": "685053870964.dkr.ecr.us-east-1.amazonaws.com/openpdfai/backend",
      "type": "string"
    },
    "queue_repository_url": {
      "value": "685053870964.dkr.ecr.us-east-1.amazonaws.com/openpdfai/queue",
      "type": "string"
    }
  },
  "resources": [
    {
      "mode": "data",
      "type": "aws_availability_zones",
      "name": "available",
      "provider": "provider[\"registry.terraform.io/hashicorp/aws\"]",
      "instances": [
        {
          "schema_version": 0,
          "attributes": {
            "all_availability_zones": null,
            "exclude_names": null,
            "exclude_zone_ids": null,
            "filter": null,
            "group_names": [
              "us-east-1"
            ],
            "id": "us-east-1",
            "names": [
              "us-east-1a",
              "us-east-1b",
              "us-east-1c",
              "us-east-1d",
              "us-east-1e",
              "us-east-1f"
            ],
            "state": null,
            "timeouts": null,
            "zone_ids": [
              "use1-az1",
              "use1-az2",
              "use1-az4",
              "use1-az6",
              "use1-az3",
              "use1-az5"
            ]
          },
          "sensitive_attributes": []
        }
      ]
    },
    {
      "mode": "data",
      "type": "aws_iam_policy_document",
      "name": "batch_assume_role_policy",
      "provider": "provider[\"registry.terraform.io/hashicorp/aws\"]",
      "instances": [
        {
          "schema_version": 0,
          "attributes": {
            "id": "958374824",
            "json": "{\n  \"Version\": \"2012-10-17\",\n  \"Statement\": [\n    {\n      \"Effect\": \"Allow\",\n      \"Action\": \"sts:AssumeRole\",\n      \"Principal\": {\n        \"Service\": \"batch.amazonaws.com\"\n      }\n    }\n  ]\n}",
            "override_policy_documents": null,
            "policy_id": null,
            "source_policy_documents": null,
            "statement": [
              {
                "actions": [
                  "sts:AssumeRole"
                ],
                "condition": [],
                "effect": "Allow",
                "not_actions": [],
                "not_principals": [],
                "not_resources": [],
                "principals": [
                  {
                    "identifiers": [
                      "batch.amazonaws.com"
                    ],
                    "type": "Service"
                  }
                ],
                "resources": [],
                "sid": ""
              }
            ],
            "version": "2012-10-17"
          },
          "sensitive_attributes": []
        }
      ]
    },
    {
      "mode": "data",
      "type": "aws_iam_policy_document",
      "name": "task_assume_role_policy",
      "provider": "provider[\"registry.terraform.io/hashicorp/aws\"]",
      "instances": [
        {
          "schema_version": 0,
          "attributes": {
            "id": "1077804475",
            "json": "{\n  \"Version\": \"2012-10-17\",\n  \"Statement\": [\n    {\n      \"Effect\": \"Allow\",\n      \"Action\": \"sts:AssumeRole\",\n      \"Principal\": {\n        \"Service\": \"ecs-tasks.amazonaws.com\"\n      }\n    }\n  ]\n}",
            "override_policy_documents": null,
            "policy_id": null,
            "source_policy_documents": null,
            "statement": [
              {
                "actions": [
                  "sts:AssumeRole"
                ],
                "condition": [],
                "effect": "Allow",
                "not_actions": [],
                "not_principals": [],
                "not_resources": [],
                "principals": [
                  {
                    "identifiers": [
                      "ecs-tasks.amazonaws.com"
                    ],
                    "type": "Service"
                  }
                ],
                "resources": [],
                "sid": ""
              }
            ],
            "version": "2012-10-17"
          },
          "sensitive_attributes": []
        }
      ]
    },
    {
      "mode": "managed",
      "type": "aws_acm_certificate",
      "name": "alb_certificate",
      "provider": "provider[\"registry.terraform.io/hashicorp/aws\"]",
      "instances": [
        {
          "schema_version": 0,
          "attributes": {
            "arn": "arn:aws:acm:us-east-1:685053870964:certificate/0f153e8e-204f-4704-8054-ea9da6c593cf",
            "certificate_authority_arn": "",
            "certificate_body": null,
            "certificate_chain": null,
            "domain_name": "api.openpdfai.com",
            "domain_validation_options": [
              {
                "domain_name": "*.api.openpdfai.com",
                "resource_record_name": "_3e1579418773b231aef9bf49bcda968c.api.openpdfai.com.",
                "resource_record_type": "CNAME",
                "resource_record_value": "_08c1756eae3bfbadd19e7258fe47a23b.mhbtsbpdnt.acm-validations.aws."
              },
              {
                "domain_name": "api.openpdfai.com",
                "resource_record_name": "_3e1579418773b231aef9bf49bcda968c.api.openpdfai.com.",
                "resource_record_type": "CNAME",
                "resource_record_value": "_08c1756eae3bfbadd19e7258fe47a23b.mhbtsbpdnt.acm-validations.aws."
              }
            ],
            "early_renewal_duration": "",
            "id": "arn:aws:acm:us-east-1:685053870964:certificate/0f153e8e-204f-4704-8054-ea9da6c593cf",
            "key_algorithm": "RSA_2048",
            "not_after": "2025-01-29T23:59:59Z",
            "not_before": "2023-12-31T00:00:00Z",
            "options": [
              {
                "certificate_transparency_logging_preference": "ENABLED"
              }
            ],
            "pending_renewal": false,
            "private_key": null,
            "renewal_eligibility": "ELIGIBLE",
            "renewal_summary": [],
            "status": "ISSUED",
            "subject_alternative_names": [
              "*.api.openpdfai.com",
              "api.openpdfai.com"
            ],
            "tags": {},
            "tags_all": {},
            "type": "AMAZON_ISSUED",
            "validation_emails": [],
            "validation_method": "DNS",
            "validation_option": []
          },
          "sensitive_attributes": [],
          "private": "bnVsbA=="
        }
      ]
    },
    {
      "mode": "managed",
      "type": "aws_acm_certificate_validation",
      "name": "alb_certificate",
      "provider": "provider[\"registry.terraform.io/hashicorp/aws\"]",
      "instances": [
        {
          "schema_version": 0,
          "attributes": {
            "certificate_arn": "arn:aws:acm:us-east-1:685053870964:certificate/0f153e8e-204f-4704-8054-ea9da6c593cf",
            "id": "2023-12-31 06:47:58.525 +0000 UTC",
            "timeouts": null,
            "validation_record_fqdns": [
              "_3e1579418773b231aef9bf49bcda968c.api.openpdfai.com"
            ]
          },
          "sensitive_attributes": [],
          "private": "eyJlMmJmYjczMC1lY2FhLTExZTYtOGY4OC0zNDM2M2JjN2M0YzAiOnsiY3JlYXRlIjo0NTAwMDAwMDAwMDAwfX0=",
          "dependencies": [
            "aws_acm_certificate.alb_certificate",
            "aws_route53_record.generic_certificate_validation",
            "aws_route53_zone.service"
          ]
        }
      ]
    },
    {
      "mode": "managed",
      "type": "aws_alb",
      "name": "alb",
      "provider": "provider[\"registry.terraform.io/hashicorp/aws\"]",
      "instances": [
        {
          "schema_version": 0,
          "attributes": {
            "access_logs": [
              {
                "bucket": "",
                "enabled": false,
                "prefix": ""
              }
            ],
            "arn": "arn:aws:elasticloadbalancing:us-east-1:685053870964:loadbalancer/app/openpdfai-alb-production/69a017f275f03d39",
            "arn_suffix": "app/openpdfai-alb-production/69a017f275f03d39",
            "connection_logs": [
              {
                "bucket": "",
                "enabled": false,
                "prefix": ""
              }
            ],
            "customer_owned_ipv4_pool": "",
            "desync_mitigation_mode": "defensive",
            "dns_name": "openpdfai-alb-production-177321001.us-east-1.elb.amazonaws.com",
            "dns_record_client_routing_policy": null,
            "drop_invalid_header_fields": false,
            "enable_cross_zone_load_balancing": true,
            "enable_deletion_protection": false,
            "enable_http2": true,
            "enable_tls_version_and_cipher_suite_headers": false,
            "enable_waf_fail_open": false,
            "enable_xff_client_port": false,
            "enforce_security_group_inbound_rules_on_private_link_traffic": "",
            "id": "arn:aws:elasticloadbalancing:us-east-1:685053870964:loadbalancer/app/openpdfai-alb-production/69a017f275f03d39",
            "idle_timeout": 60,
            "internal": false,
            "ip_address_type": "ipv4",
            "load_balancer_type": "application",
            "name": "openpdfai-alb-production",
            "name_prefix": "",
            "preserve_host_header": false,
            "security_groups": [
              "sg-019c795a70f3ef492"
            ],
            "subnet_mapping": [
              {
                "allocation_id": "",
                "ipv6_address": "",
                "outpost_id": "",
                "private_ipv4_address": "",
                "subnet_id": "subnet-01c7f7ecee20ff84c"
              },
              {
                "allocation_id": "",
                "ipv6_address": "",
                "outpost_id": "",
                "private_ipv4_address": "",
                "subnet_id": "subnet-0b95d0a4f94246514"
              }
            ],
            "subnets": [
              "subnet-01c7f7ecee20ff84c",
              "subnet-0b95d0a4f94246514"
            ],
            "tags": {},
            "tags_all": {},
            "timeouts": null,
            "vpc_id": "vpc-0e301d98cf9f55f15",
            "xff_header_processing_mode": "append",
            "zone_id": "Z35SXDOTRQ7X7K"
          },
          "sensitive_attributes": [],
          "private": "eyJlMmJmYjczMC1lY2FhLTExZTYtOGY4OC0zNDM2M2JjN2M0YzAiOnsiY3JlYXRlIjo2MDAwMDAwMDAwMDAsImRlbGV0ZSI6NjAwMDAwMDAwMDAwLCJ1cGRhdGUiOjYwMDAwMDAwMDAwMH19",
          "dependencies": [
            "aws_security_group.alb",
            "aws_subnet.public",
            "aws_vpc.default",
            "data.aws_availability_zones.available"
          ]
        }
      ]
    },
    {
      "mode": "managed",
      "type": "aws_alb_listener",
      "name": "alb_default_listener_https",
      "provider": "provider[\"registry.terraform.io/hashicorp/aws\"]",
      "instances": [
        {
          "schema_version": 0,
          "attributes": {
            "alpn_policy": null,
            "arn": "arn:aws:elasticloadbalancing:us-east-1:685053870964:listener/app/openpdfai-alb-production/69a017f275f03d39/87d4abdd957183f0",
            "certificate_arn": "arn:aws:acm:us-east-1:685053870964:certificate/0f153e8e-204f-4704-8054-ea9da6c593cf",
            "default_action": [
              {
                "authenticate_cognito": [],
                "authenticate_oidc": [],
                "fixed_response": [],
                "forward": [],
                "order": 1,
                "redirect": [],
                "target_group_arn": "arn:aws:elasticloadbalancing:us-east-1:685053870964:targetgroup/openpdfai-targetgroup-production/9bac43bbc848e01d",
                "type": "forward"
              }
            ],
            "id": "arn:aws:elasticloadbalancing:us-east-1:685053870964:listener/app/openpdfai-alb-production/69a017f275f03d39/87d4abdd957183f0",
            "load_balancer_arn": "arn:aws:elasticloadbalancing:us-east-1:685053870964:loadbalancer/app/openpdfai-alb-production/69a017f275f03d39",
            "mutual_authentication": [
              {
                "ignore_client_certificate_expiry": false,
                "mode": "off",
                "trust_store_arn": ""
              }
            ],
            "port": 443,
            "protocol": "HTTPS",
            "ssl_policy": "ELBSecurityPolicy-TLS-1-2-Ext-2018-06",
            "tags": {},
            "tags_all": {},
            "timeouts": null
          },
          "sensitive_attributes": [],
          "private": "eyJlMmJmYjczMC1lY2FhLTExZTYtOGY4OC0zNDM2M2JjN2M0YzAiOnsiY3JlYXRlIjozMDAwMDAwMDAwMDAsInVwZGF0ZSI6MzAwMDAwMDAwMDAwfX0=",
          "dependencies": [
            "aws_acm_certificate.alb_certificate",
            "aws_acm_certificate_validation.alb_certificate",
            "aws_alb.alb",
            "aws_alb_target_group.service_target_group",
            "aws_route53_record.generic_certificate_validation",
            "aws_route53_zone.service",
            "aws_security_group.alb",
            "aws_subnet.public",
            "aws_vpc.default",
            "data.aws_availability_zones.available"
          ]
        }
      ]
    },
    {
      "mode": "managed",
      "type": "aws_alb_target_group",
      "name": "service_target_group",
      "provider": "provider[\"registry.terraform.io/hashicorp/aws\"]",
      "instances": [
        {
          "schema_version": 0,
          "attributes": {
            "arn": "arn:aws:elasticloadbalancing:us-east-1:685053870964:targetgroup/openpdfai-targetgroup-production/9bac43bbc848e01d",
            "arn_suffix": "targetgroup/openpdfai-targetgroup-production/9bac43bbc848e01d",
            "connection_termination": null,
            "deregistration_delay": "5",
            "health_check": [
              {
                "enabled": true,
                "healthy_threshold": 2,
                "interval": 60,
                "matcher": "200",
                "path": "/api/v1/users/sanity",
                "port": "traffic-port",
                "protocol": "HTTP",
                "timeout": 30,
                "unhealthy_threshold": 2
              }
            ],
            "id": "arn:aws:elasticloadbalancing:us-east-1:685053870964:targetgroup/openpdfai-targetgroup-production/9bac43bbc848e01d",
            "ip_address_type": "ipv4",
            "lambda_multi_value_headers_enabled": false,
            "load_balancing_algorithm_type": "round_robin",
            "load_balancing_cross_zone_enabled": "use_load_balancer_configuration",
            "name": "openpdfai-targetgroup-production",
            "name_prefix": "",
            "port": 8000,
            "preserve_client_ip": null,
            "protocol": "HTTP",
            "protocol_version": "HTTP1",
            "proxy_protocol_v2": false,
            "slow_start": 0,
            "stickiness": [
              {
                "cookie_duration": 86400,
                "cookie_name": "",
                "enabled": false,
                "type": "lb_cookie"
              }
            ],
            "tags": {},
            "tags_all": {},
            "target_failover": [
              {
                "on_deregistration": null,
                "on_unhealthy": null
              }
            ],
            "target_health_state": [
              {
                "enable_unhealthy_connection_termination": null
              }
            ],
            "target_type": "ip",
            "vpc_id": "vpc-0e301d98cf9f55f15"
          },
          "sensitive_attributes": [],
          "private": "bnVsbA==",
          "dependencies": [
            "aws_alb.alb",
            "aws_security_group.alb",
            "aws_subnet.public",
            "aws_vpc.default",
            "data.aws_availability_zones.available"
          ]
        }
      ]
    },
    {
      "mode": "managed",
      "type": "aws_batch_compute_environment",
      "name": "batch",
      "provider": "provider[\"registry.terraform.io/hashicorp/aws\"]",
      "instances": [
        {
          "schema_version": 0,
          "attributes": {
            "arn": "arn:aws:batch:us-east-1:685053870964:compute-environment/openpdfai_batch_compute_environment_production",
            "compute_environment_name": "openpdfai_batch_compute_environment_production",
            "compute_environment_name_prefix": "",
            "compute_resources": [
              {
                "allocation_strategy": "",
                "bid_percentage": 0,
                "desired_vcpus": 0,
                "ec2_configuration": [],
                "ec2_key_pair": "",
                "image_id": "",
                "instance_role": "",
                "instance_type": [],
                "launch_template": [],
                "max_vcpus": 256,
                "min_vcpus": 0,
                "placement_group": "",
                "security_group_ids": [
                  "sg-0fbd7898fb99912eb"
                ],
                "spot_iam_fleet_role": "",
                "subnets": [
                  "subnet-01c7f7ecee20ff84c",
                  "subnet-0b95d0a4f94246514"
                ],
                "tags": {},
                "type": "FARGATE"
              }
            ],
            "ecs_cluster_arn": "arn:aws:ecs:us-east-1:685053870964:cluster/openpdfai_batch_compute_environment_production_Batch_66c7c7dc-080b-3483-a531-faf7e8944227",
            "eks_configuration": [],
            "id": "openpdfai_batch_compute_environment_production",
            "service_role": "arn:aws:iam::685053870964:role/openpdfai_batch_service_role_production",
            "state": "ENABLED",
            "status": "VALID",
            "status_reason": "ComputeEnvironment Healthy",
            "tags": {},
            "tags_all": {},
            "type": "MANAGED"
          },
          "sensitive_attributes": [],
          "private": "bnVsbA==",
          "dependencies": [
            "aws_iam_role.aws_batch_service_role",
            "aws_iam_role_policy_attachment.aws_batch_service_role",
            "aws_security_group.batch",
            "aws_subnet.public",
            "aws_vpc.default",
            "data.aws_availability_zones.available",
            "data.aws_iam_policy_document.batch_assume_role_policy"
          ]
        }
      ]
    },
    {
      "mode": "managed",
      "type": "aws_batch_job_definition",
      "name": "batch",
      "provider": "provider[\"registry.terraform.io/hashicorp/aws\"]",
      "instances": [
        {
          "schema_version": 0,
          "attributes": {
            "arn": "arn:aws:batch:us-east-1:685053870964:job-definition/openpdfai_batch_job_definition_production:9",
            "container_properties": "{\"command\":[\"echo\",\"test\"],\"environment\":[{\"name\":\"FIRST_SUPERUSER_PASSWORD\",\"value\":\"5cc9ae1171b8bc002a065d68a6236a194d6d7cf560741cb4da02f05a27453b24\"},{\"name\":\"COLLECTION_NAME\",\"value\":\"openpdf_production\"},{\"name\":\"DOMAIN\",\"value\":\"api.openpdfai.com\"},{\"name\":\"QDRANT_API_KEY\",\"value\":\"mvFq4yGfg9umGNuQH8GHbmZilMBQhy6jqDpMJLNJgq_46kjeE6KH4Q\"},{\"name\":\"STRIPE_SECRET_KEY\",\"value\":\"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\"},{\"name\":\"ENVIRONMENT\",\"value\":\"prod\"},{\"name\":\"SMTP_USER\",\"value\":\"api\"},{\"name\":\"SECRET_KEY\",\"value\":\"d9f013206dadd6b071f3c41cc9cf1930a8a668d5879799b826c9e06d5da99c49\"},{\"name\":\"USERS_OPEN_REGISTRATION\",\"value\":\"True\"},{\"name\":\"QDRANT_PORT\",\"value\":\"6333\"},{\"name\":\"EMAILS_FROM_EMAIL\",\"value\":\"info@openpdfai.com\"},{\"name\":\"COLLECTION_SIZE\",\"value\":\"1536\"},{\"name\":\"PROJECT_NAME\",\"value\":\"openpdfai\"},{\"name\":\"SECRET_ACCESS_KEY\",\"value\":\"KgjtKxR+6Bt6BgJr6CDLzUfDcpogZedwM2kS1NS3\"},{\"name\":\"SMTP_PORT\",\"value\":\"2525\"},{\"name\":\"MAILTRAP_API_KEY\",\"value\":\"05902905e78d1e25a8b7824b32d79f2e\"},{\"name\":\"SMTP_PASSWORD\",\"value\":\"05902905e78d1e25a8b7824b32d79f2e\"},{\"name\":\"FIRST_SUPERUSER\",\"value\":\"admin@openpdf.com\"},{\"name\":\"SMTP_TLS\",\"value\":\"True\"},{\"name\":\"BACKEND_CORS_ORIGINS\",\"value\":\"[\\\"http://localhost\\\",\\\"http://localhost:3000\\\",\\\"https://localhost\\\",\\\"https://localhost:3000\\\",\\\"https://openpdf.vercel.app\\\",\\\"https://www.openpdfai.com\\\"]\"},{\"name\":\"POSTGRES_USER\",\"value\":\"openpdfai\"},{\"name\":\"AWS_REGION\",\"value\":\"us-east-1\"},{\"name\":\"AWS_BUCKET_NAME\",\"value\":\"openpdfai-documents\"},{\"name\":\"CELERY_BROKER_URL\",\"value\":\"redis://redis:6379/0\"},{\"name\":\"AWS_BATCH_JOB_DEFINITION_ARN\",\"value\":\"non_used\"},{\"name\":\"GOOGLE_CLIENT_ID\",\"value\":\"351783991998-ct8g6ohg3igm8c4fb2p2kr7igcs8c3tm.apps.googleusercontent.com\"},{\"name\":\"CELERY_RESULT_BACKEND\",\"value\":\"redis://redis:6379/0\"},{\"name\":\"SMTP_HOST\",\"value\":\"live.smtp.mailtrap.io\"},{\"name\":\"CRON_JOB_SECRET_KEY\",\"value\":\"$2a$12$43oorqRPxT76h.wS3kgaeeLNSQ3rJjV5osj7Dtiqy5Jm0sUZNeiS6\"},{\"name\":\"POSTGRES_PASSWORD\",\"value\":\"FKavnhSBVxd2YzOgZZK73kJHLhLAGd8f\"},{\"name\":\"STRIPE_ENDPOINT_SECRET\",\"value\":\"whsec_FpIJiJ4vzeEbD0cgcxBGQwfkkJv80ACf\"},{\"name\":\"ACCESS_KEY_ID\",\"value\":\"AKIAZ7ADEQN2LN3MZEWQ\"},{\"name\":\"POSTGRES_DB\",\"value\":\"openpdfai_db\"},{\"name\":\"QDRANT_HOST\",\"value\":\"1e8c0ae0-f008-4a54-9456-11cbb49d2d0a.us-east-1-0.aws.cloud.qdrant.io\"},{\"name\":\"AWS_BATCH_JOB_QUEUE_ARN\",\"value\":\"non_used\"},{\"name\":\"OPENAI_API_KEY\",\"value\":\"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\"},{\"name\":\"OPENAI_ORGANIZATION\",\"value\":\"org-vzVB2Aj8Ipkxkee7l6w0e2GH\"},{\"name\":\"POSTGRES_SERVER\",\"value\":\"dpg-clmcm99fb9qs739bhcrg-a.oregon-postgres.render.com\"},{\"name\":\"QDRANT_URL\",\"value\":\"https://1e8c0ae0-f008-4a54-9456-11cbb49d2d0a.us-east-1-0.aws.cloud.qdrant.io:6333\"},{\"name\":\"SERVER_HOST\",\"value\":\"https://api.openpdfai.com\"},{\"name\":\"STRIPE_PUBLISHABLE_KEY\",\"value\":\"pk_live_51O7Jq2DjVJY9OEHxdFj54zkkckeBbM5h2s4gmRin6rv8fIG4tzgmrNkZjdrGRUZUOza7zZJzChuO6aE1CyASIUuV00iX6tRzQq\"}],\"executionRoleArn\":\"arn:aws:iam::685053870964:role/openpdfai_ecs_execution_role_production\",\"fargatePlatformConfiguration\":{\"platformVersion\":\"LATEST\"},\"image\":\"685053870964.dkr.ecr.us-east-1.amazonaws.com/openpdfai/queue:latest\",\"mountPoints\":[],\"networkConfiguration\":{\"assignPublicIp\":\"ENABLED\"},\"resourceRequirements\":[{\"type\":\"VCPU\",\"value\":\"2\"},{\"type\":\"MEMORY\",\"value\":\"4096\"}],\"secrets\":[],\"ulimits\":[],\"volumes\":[]}",
            "id": "arn:aws:batch:us-east-1:685053870964:job-definition/openpdfai_batch_job_definition_production:9",
            "name": "openpdfai_batch_job_definition_production",
            "node_properties": "",
            "parameters": {},
            "platform_capabilities": [
              "FARGATE"
            ],
            "propagate_tags": false,
            "retry_strategy": [],
            "revision": 9,
            "tags": {},
            "tags_all": {},
            "timeout": [],
            "type": "container"
          },
          "sensitive_attributes": [],
          "private": "bnVsbA==",
          "dependencies": [
            "aws_ecr_repository.queue",
            "aws_iam_role.ecs_task_execution_role",
            "data.aws_iam_policy_document.task_assume_role_policy"
          ]
        }
      ]
    },
    {
      "mode": "managed",
      "type": "aws_batch_job_queue",
      "name": "batch",
      "provider": "provider[\"registry.terraform.io/hashicorp/aws\"]",
      "instances": [
        {
          "schema_version": 1,
          "attributes": {
            "arn": "arn:aws:batch:us-east-1:685053870964:job-queue/openpdfai_batch_job_queue_production",
            "compute_environments": [
              "arn:aws:batch:us-east-1:685053870964:compute-environment/openpdfai_batch_compute_environment_production"
            ],
            "id": "arn:aws:batch:us-east-1:685053870964:job-queue/openpdfai_batch_job_queue_production",
            "name": "openpdfai_batch_job_queue_production",
            "priority": 0,
            "scheduling_policy_arn": null,
            "state": "ENABLED",
            "tags": null,
            "tags_all": {},
            "timeouts": null
          },
          "sensitive_attributes": [],
          "dependencies": [
            "aws_batch_compute_environment.batch",
            "aws_iam_role.aws_batch_service_role",
            "aws_iam_role_policy_attachment.aws_batch_service_role",
            "aws_security_group.batch",
            "aws_subnet.public",
            "aws_vpc.default",
            "data.aws_availability_zones.available",
            "data.aws_iam_policy_document.batch_assume_role_policy"
          ]
        }
      ]
    },
    {
      "mode": "managed",
      "type": "aws_cloudwatch_log_group",
      "name": "log_group",
      "provider": "provider[\"registry.terraform.io/hashicorp/aws\"]",
      "instances": [
        {
          "schema_version": 0,
          "attributes": {
            "arn": "arn:aws:logs:us-east-1:685053870964:log-group:/openpdfai/ecs/backend",
            "id": "/openpdfai/ecs/backend",
            "kms_key_id": "",
            "log_group_class": "STANDARD",
            "name": "/openpdfai/ecs/backend",
            "name_prefix": "",
            "retention_in_days": 7,
            "skip_destroy": false,
            "tags": {},
            "tags_all": {}
          },
          "sensitive_attributes": [],
          "private": "bnVsbA=="
        }
      ]
    },
    {
      "mode": "managed",
      "type": "aws_db_instance",
      "name": "openpdfai_db",
      "provider": "provider[\"registry.terraform.io/hashicorp/aws\"]",
      "instances": [
        {
          "schema_version": 2,
          "attributes": {
            "address": "openpdfai-db.c1aigwmegbyb.us-east-1.rds.amazonaws.com",
            "allocated_storage": 10,
            "allow_major_version_upgrade": null,
            "apply_immediately": false,
            "arn": "arn:aws:rds:us-east-1:685053870964:db:openpdfai-db",
            "auto_minor_version_upgrade": true,
            "availability_zone": "us-east-1a",
            "backup_retention_period": 0,
            "backup_target": "region",
            "backup_window": "03:00-04:00",
            "blue_green_update": [],
            "ca_cert_identifier": "rds-ca-2019",
            "character_set_name": "",
            "copy_tags_to_snapshot": false,
            "custom_iam_instance_profile": "",
            "customer_owned_ip_enabled": false,
            "db_name": "openpdfai_db",
            "db_subnet_group_name": "openpdfai-db-subnet-group",
            "delete_automated_backups": true,
            "deletion_protection": false,
            "domain": "",
            "domain_iam_role_name": "",
            "enabled_cloudwatch_logs_exports": [],
            "endpoint": "openpdfai-db.c1aigwmegbyb.us-east-1.rds.amazonaws.com:5432",
            "engine": "postgres",
            "engine_version": "15.4",
            "engine_version_actual": "15.4",
            "final_snapshot_identifier": "db-snap",
            "hosted_zone_id": "Z2R2ITUGPM61AM",
            "iam_database_authentication_enabled": false,
            "id": "db-K3TYWEH2CKSRWWS4RBOVNF323Y",
            "identifier": "openpdfai-db",
            "identifier_prefix": "",
            "instance_class": "db.t3.micro",
            "iops": 0,
            "kms_key_id": "",
            "latest_restorable_time": "",
            "license_model": "postgresql-license",
            "listener_endpoint": [],
            "maintenance_window": "mon:04:00-mon:04:30",
            "manage_master_user_password": null,
            "master_user_secret": [],
            "master_user_secret_kms_key_id": null,
            "max_allocated_storage": 0,
            "monitoring_interval": 0,
            "monitoring_role_arn": "",
            "multi_az": false,
            "nchar_character_set_name": "",
            "network_type": "IPV4",
            "option_group_name": "default:postgres-15",
            "parameter_group_name": "default.postgres15",
            "password": "FKavnhSBVxd2YzOgZZK73kJHLhLAGd8f",
            "performance_insights_enabled": false,
            "performance_insights_kms_key_id": "",
            "performance_insights_retention_period": 0,
            "port": 5432,
            "publicly_accessible": true,
            "replica_mode": "",
            "replicas": [],
            "replicate_source_db": "",
            "resource_id": "db-K3TYWEH2CKSRWWS4RBOVNF323Y",
            "restore_to_point_in_time": [],
            "s3_import": [],
            "skip_final_snapshot": false,
            "snapshot_identifier": null,
            "status": "available",
            "storage_encrypted": false,
            "storage_throughput": 0,
            "storage_type": "gp2",
            "tags": {},
            "tags_all": {},
            "timeouts": null,
            "timezone": "",
            "username": "openpdfai",
            "vpc_security_group_ids": [
              "sg-052369b5cf7bd51f8"
            ]
          },
          "sensitive_attributes": [],
          "private": "eyJlMmJmYjczMC1lY2FhLTExZTYtOGY4OC0zNDM2M2JjN2M0YzAiOnsiY3JlYXRlIjoyNDAwMDAwMDAwMDAwLCJkZWxldGUiOjM2MDAwMDAwMDAwMDAsInVwZGF0ZSI6NDgwMDAwMDAwMDAwMH0sInNjaGVtYV92ZXJzaW9uIjoiMiJ9",
          "dependencies": [
            "aws_db_subnet_group.rds_postgres_subnet_group",
            "aws_security_group.rds_postgres",
            "aws_subnet.private",
            "aws_vpc.default",
            "data.aws_availability_zones.available"
          ]
        }
      ]
    },
    {
      "mode": "managed",
      "type": "aws_db_subnet_group",
      "name": "rds_postgres_subnet_group",
      "provider": "provider[\"registry.terraform.io/hashicorp/aws\"]",
      "instances": [
        {
          "schema_version": 0,
          "attributes": {
            "arn": "arn:aws:rds:us-east-1:685053870964:subgrp:openpdfai-db-subnet-group",
            "description": "Managed by Terraform",
            "id": "openpdfai-db-subnet-group",
            "name": "openpdfai-db-subnet-group",
            "name_prefix": "",
            "subnet_ids": [
              "subnet-027b277cc55eff5a1",
              "subnet-04f7281fe63b7e17f"
            ],
            "supported_network_types": [
              "IPV4"
            ],
            "tags": {
              "Name": "openpdfai_rds_postgres_subnet_group_production"
            },
            "tags_all": {
              "Name": "openpdfai_rds_postgres_subnet_group_production"
            },
            "vpc_id": "vpc-0e301d98cf9f55f15"
          },
          "sensitive_attributes": [],
          "private": "bnVsbA==",
          "dependencies": [
            "aws_subnet.private",
            "aws_vpc.default",
            "data.aws_availability_zones.available"
          ]
        }
      ]
    },
    {
      "mode": "managed",
      "type": "aws_ecr_repository",
      "name": "ecr",
      "provider": "provider[\"registry.terraform.io/hashicorp/aws\"]",
      "instances": [
        {
          "schema_version": 0,
          "attributes": {
            "arn": "arn:aws:ecr:us-east-1:685053870964:repository/openpdfai/backend",
            "encryption_configuration": [
              {
                "encryption_type": "AES256",
                "kms_key": ""
              }
            ],
            "force_delete": true,
            "id": "openpdfai/backend",
            "image_scanning_configuration": [
              {
                "scan_on_push": true
              }
            ],
            "image_tag_mutability": "MUTABLE",
            "name": "openpdfai/backend",
            "registry_id": "685053870964",
            "repository_url": "685053870964.dkr.ecr.us-east-1.amazonaws.com/openpdfai/backend",
            "tags": {},
            "tags_all": {},
            "timeouts": null
          },
          "sensitive_attributes": [],
          "private": "eyJlMmJmYjczMC1lY2FhLTExZTYtOGY4OC0zNDM2M2JjN2M0YzAiOnsiZGVsZXRlIjoxMjAwMDAwMDAwMDAwfX0="
        }
      ]
    },
    {
      "mode": "managed",
      "type": "aws_ecr_repository",
      "name": "queue",
      "provider": "provider[\"registry.terraform.io/hashicorp/aws\"]",
      "instances": [
        {
          "schema_version": 0,
          "attributes": {
            "arn": "arn:aws:ecr:us-east-1:685053870964:repository/openpdfai/queue",
            "encryption_configuration": [
              {
                "encryption_type": "AES256",
                "kms_key": ""
              }
            ],
            "force_delete": true,
            "id": "openpdfai/queue",
            "image_scanning_configuration": [
              {
                "scan_on_push": true
              }
            ],
            "image_tag_mutability": "MUTABLE",
            "name": "openpdfai/queue",
            "registry_id": "685053870964",
            "repository_url": "685053870964.dkr.ecr.us-east-1.amazonaws.com/openpdfai/queue",
            "tags": {},
            "tags_all": {},
            "timeouts": null
          },
          "sensitive_attributes": [],
          "private": "eyJlMmJmYjczMC1lY2FhLTExZTYtOGY4OC0zNDM2M2JjN2M0YzAiOnsiZGVsZXRlIjoxMjAwMDAwMDAwMDAwfX0="
        }
      ]
    },
    {
      "mode": "managed",
      "type": "aws_ecs_cluster",
      "name": "default",
      "provider": "provider[\"registry.terraform.io/hashicorp/aws\"]",
      "instances": [
        {
          "schema_version": 0,
          "attributes": {
            "arn": "arn:aws:ecs:us-east-1:685053870964:cluster/openpdfai_ecs_cluster_production",
            "configuration": [],
            "id": "arn:aws:ecs:us-east-1:685053870964:cluster/openpdfai_ecs_cluster_production",
            "name": "openpdfai_ecs_cluster_production",
            "service_connect_defaults": [],
            "setting": [
              {
                "name": "containerInsights",
                "value": "disabled"
              }
            ],
            "tags": {
              "Name": "openpdfai_ecs_cluster_production"
            },
            "tags_all": {
              "Name": "openpdfai_ecs_cluster_production"
            }
          },
          "sensitive_attributes": [],
          "private": "bnVsbA=="
        }
      ]
    },
    {
      "mode": "managed",
      "type": "aws_ecs_service",
      "name": "service",
      "provider": "provider[\"registry.terraform.io/hashicorp/aws\"]",
      "instances": [
        {
          "schema_version": 0,
          "attributes": {
            "alarms": [],
            "capacity_provider_strategy": [],
            "cluster": "arn:aws:ecs:us-east-1:685053870964:cluster/openpdfai_ecs_cluster_production",
            "deployment_circuit_breaker": [
              {
                "enable": false,
                "rollback": false
              }
            ],
            "deployment_controller": [
              {
                "type": "ECS"
              }
            ],
            "deployment_maximum_percent": 100,
            "deployment_minimum_healthy_percent": 50,
            "desired_count": 2,
            "enable_ecs_managed_tags": false,
            "enable_execute_command": false,
            "force_new_deployment": null,
            "health_check_grace_period_seconds": 0,
            "iam_role": "/aws-service-role/ecs.amazonaws.com/AWSServiceRoleForECS",
            "id": "arn:aws:ecs:us-east-1:685053870964:service/openpdfai_ecs_cluster_production/openpdfai_ecs_service_production",
            "launch_type": "FARGATE",
            "load_balancer": [
              {
                "container_name": "backend",
                "container_port": 8000,
                "elb_name": "",
                "target_group_arn": "arn:aws:elasticloadbalancing:us-east-1:685053870964:targetgroup/openpdfai-targetgroup-production/9bac43bbc848e01d"
              }
            ],
            "name": "openpdfai_ecs_service_production",
            "network_configuration": [
              {
                "assign_public_ip": true,
                "security_groups": [
                  "sg-012e27f9c3b5dee8e"
                ],
                "subnets": [
                  "subnet-027b277cc55eff5a1",
                  "subnet-04f7281fe63b7e17f"
                ]
              }
            ],
            "ordered_placement_strategy": [],
            "placement_constraints": [],
            "platform_version": "LATEST",
            "propagate_tags": "NONE",
            "scheduling_strategy": "REPLICA",
            "service_connect_configuration": [],
            "service_registries": [],
            "tags": {},
            "tags_all": {},
            "task_definition": "arn:aws:ecs:us-east-1:685053870964:task-definition/openpdfai_ecs_task_definition_production:26",
            "timeouts": null,
            "triggers": {},
            "wait_for_steady_state": false
          },
          "sensitive_attributes": [],
          "private": "eyJlMmJmYjczMC1lY2FhLTExZTYtOGY4OC0zNDM2M2JjN2M0YzAiOnsiY3JlYXRlIjoxMjAwMDAwMDAwMDAwLCJkZWxldGUiOjEyMDAwMDAwMDAwMDAsInVwZGF0ZSI6MTIwMDAwMDAwMDAwMH19",
          "dependencies": [
            "aws_alb.alb",
            "aws_alb_target_group.service_target_group",
            "aws_batch_compute_environment.batch",
            "aws_batch_job_definition.batch",
            "aws_batch_job_queue.batch",
            "aws_cloudwatch_log_group.log_group",
            "aws_db_instance.openpdfai_db",
            "aws_db_subnet_group.rds_postgres_subnet_group",
            "aws_ecr_repository.ecr",
            "aws_ecr_repository.queue",
            "aws_ecs_cluster.default",
            "aws_ecs_task_definition.default",
            "aws_iam_role.aws_batch_service_role",
            "aws_iam_role.ecs_task_execution_role",
            "aws_iam_role_policy_attachment.aws_batch_service_role",
            "aws_security_group.alb",
            "aws_security_group.batch",
            "aws_security_group.ecs_container_instance",
            "aws_security_group.rds_postgres",
            "aws_subnet.private",
            "aws_subnet.public",
            "aws_vpc.default",
            "data.aws_availability_zones.available",
            "data.aws_iam_policy_document.batch_assume_role_policy",
            "data.aws_iam_policy_document.task_assume_role_policy"
          ]
        }
      ]
    },
    {
      "mode": "managed",
      "type": "aws_ecs_task_definition",
      "name": "default",
      "provider": "provider[\"registry.terraform.io/hashicorp/aws\"]",
      "instances": [
        {
          "schema_version": 1,
          "attributes": {
            "arn": "arn:aws:ecs:us-east-1:685053870964:task-definition/openpdfai_ecs_task_definition_production:26",
            "arn_without_revision": "arn:aws:ecs:us-east-1:685053870964:task-definition/openpdfai_ecs_task_definition_production",
            "container_definitions": "[{\"cpu\":512,\"environment\":[{\"name\":\"ACCESS_KEY_ID\",\"value\":\"AKIAZ7ADEQN2LN3MZEWQ\"},{\"name\":\"AWS_BATCH_JOB_DEFINITION_ARN\",\"value\":\"arn:aws:batch:us-east-1:685053870964:job-definition/openpdfai_batch_job_definition_production:9\"},{\"name\":\"AWS_BATCH_JOB_QUEUE_ARN\",\"value\":\"arn:aws:batch:us-east-1:685053870964:job-queue/openpdfai_batch_job_queue_production\"},{\"name\":\"AWS_BUCKET_NAME\",\"value\":\"openpdfai-documents\"},{\"name\":\"AWS_REGION\",\"value\":\"us-east-1\"},{\"name\":\"BACKEND_CORS_ORIGINS\",\"value\":\"[\\\"http://localhost\\\",\\\"http://localhost:3000\\\",\\\"https://localhost\\\",\\\"https://localhost:3000\\\",\\\"https://openpdf.vercel.app\\\",\\\"https://www.openpdfai.com\\\"]\"},{\"name\":\"CELERY_BROKER_URL\",\"value\":\"redis://redis:6379/0\"},{\"name\":\"CELERY_RESULT_BACKEND\",\"value\":\"redis://redis:6379/0\"},{\"name\":\"COLLECTION_NAME\",\"value\":\"openpdf_production\"},{\"name\":\"COLLECTION_SIZE\",\"value\":\"1536\"},{\"name\":\"CRON_JOB_SECRET_KEY\",\"value\":\"$2a$12$43oorqRPxT76h.wS3kgaeeLNSQ3rJjV5osj7Dtiqy5Jm0sUZNeiS6\"},{\"name\":\"DOMAIN\",\"value\":\"api.openpdfai.com\"},{\"name\":\"EMAILS_FROM_EMAIL\",\"value\":\"info@openpdfai.com\"},{\"name\":\"ENVIRONMENT\",\"value\":\"prod\"},{\"name\":\"FIRST_SUPERUSER\",\"value\":\"admin@openpdf.com\"},{\"name\":\"FIRST_SUPERUSER_PASSWORD\",\"value\":\"5cc9ae1171b8bc002a065d68a6236a194d6d7cf560741cb4da02f05a27453b24\"},{\"name\":\"GOOGLE_CLIENT_ID\",\"value\":\"351783991998-ct8g6ohg3igm8c4fb2p2kr7igcs8c3tm.apps.googleusercontent.com\"},{\"name\":\"MAILTRAP_API_KEY\",\"value\":\"05902905e78d1e25a8b7824b32d79f2e\"},{\"name\":\"OPENAI_API_KEY\",\"value\":\"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\"},{\"name\":\"OPENAI_ORGANIZATION\",\"value\":\"org-vzVB2Aj8Ipkxkee7l6w0e2GH\"},{\"name\":\"POSTGRES_DB\",\"value\":\"openpdfai_db\"},{\"name\":\"POSTGRES_PASSWORD\",\"value\":\"FKavnhSBVxd2YzOgZZK73kJHLhLAGd8f\"},{\"name\":\"POSTGRES_SERVER\",\"value\":\"openpdfai-db.c1aigwmegbyb.us-east-1.rds.amazonaws.com:5432\"},{\"name\":\"POSTGRES_USER\",\"value\":\"openpdfai\"},{\"name\":\"PROJECT_NAME\",\"value\":\"openpdfai\"},{\"name\":\"QDRANT_API_KEY\",\"value\":\"mvFq4yGfg9umGNuQH8GHbmZilMBQhy6jqDpMJLNJgq_46kjeE6KH4Q\"},{\"name\":\"QDRANT_HOST\",\"value\":\"1e8c0ae0-f008-4a54-9456-11cbb49d2d0a.us-east-1-0.aws.cloud.qdrant.io\"},{\"name\":\"QDRANT_PORT\",\"value\":\"6333\"},{\"name\":\"QDRANT_URL\",\"value\":\"https://1e8c0ae0-f008-4a54-9456-11cbb49d2d0a.us-east-1-0.aws.cloud.qdrant.io:6333\"},{\"name\":\"SECRET_ACCESS_KEY\",\"value\":\"KgjtKxR+6Bt6BgJr6CDLzUfDcpogZedwM2kS1NS3\"},{\"name\":\"SECRET_KEY\",\"value\":\"d9f013206dadd6b071f3c41cc9cf1930a8a668d5879799b826c9e06d5da99c49\"},{\"name\":\"SERVER_HOST\",\"value\":\"https://api.openpdfai.com\"},{\"name\":\"SMTP_HOST\",\"value\":\"live.smtp.mailtrap.io\"},{\"name\":\"SMTP_PASSWORD\",\"value\":\"05902905e78d1e25a8b7824b32d79f2e\"},{\"name\":\"SMTP_PORT\",\"value\":\"2525\"},{\"name\":\"SMTP_TLS\",\"value\":\"True\"},{\"name\":\"SMTP_USER\",\"value\":\"api\"},{\"name\":\"STRIPE_ENDPOINT_SECRET\",\"value\":\"whsec_FpIJiJ4vzeEbD0cgcxBGQwfkkJv80ACf\"},{\"name\":\"STRIPE_PUBLISHABLE_KEY\",\"value\":\"pk_live_51O7Jq2DjVJY9OEHxdFj54zkkckeBbM5h2s4gmRin6rv8fIG4tzgmrNkZjdrGRUZUOza7zZJzChuO6aE1CyASIUuV00iX6tRzQq\"},{\"name\":\"STRIPE_SECRET_KEY\",\"value\":\"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\"},{\"name\":\"USERS_OPEN_REGISTRATION\",\"value\":\"True\"}],\"essential\":true,\"image\":\"685053870964.dkr.ecr.us-east-1.amazonaws.com/openpdfai/backend:latest\",\"logConfiguration\":{\"logDriver\":\"awslogs\",\"options\":{\"awslogs-group\":\"/openpdfai/ecs/backend\",\"awslogs-region\":\"us-east-1\",\"awslogs-stream-prefix\":\"backend-log-stream-production\"}},\"memory\":2048,\"mountPoints\":[],\"name\":\"backend\",\"portMappings\":[{\"containerPort\":8000,\"hostPort\":8000,\"protocol\":\"tcp\"}],\"volumesFrom\":[]}]",
            "cpu": "512",
            "ephemeral_storage": [],
            "execution_role_arn": "arn:aws:iam::685053870964:role/openpdfai_ecs_execution_role_production",
            "family": "openpdfai_ecs_task_definition_production",
            "id": "openpdfai_ecs_task_definition_production",
            "inference_accelerator": [],
            "ipc_mode": "",
            "memory": "2048",
            "network_mode": "awsvpc",
            "pid_mode": "",
            "placement_constraints": [],
            "proxy_configuration": [],
            "requires_compatibilities": [
              "FARGATE"
            ],
            "revision": 26,
            "runtime_platform": [],
            "skip_destroy": false,
            "tags": null,
            "tags_all": {},
            "task_role_arn": "",
            "volume": []
          },
          "sensitive_attributes": [],
          "private": "eyJzY2hlbWFfdmVyc2lvbiI6IjEifQ==",
          "dependencies": [
            "aws_batch_compute_environment.batch",
            "aws_batch_job_definition.batch",
            "aws_batch_job_queue.batch",
            "aws_cloudwatch_log_group.log_group",
            "aws_db_instance.openpdfai_db",
            "aws_db_subnet_group.rds_postgres_subnet_group",
            "aws_ecr_repository.ecr",
            "aws_ecr_repository.queue",
            "aws_iam_role.aws_batch_service_role",
            "aws_iam_role.ecs_task_execution_role",
            "aws_iam_role_policy_attachment.aws_batch_service_role",
            "aws_security_group.batch",
            "aws_security_group.rds_postgres",
            "aws_subnet.private",
            "aws_subnet.public",
            "aws_vpc.default",
            "data.aws_availability_zones.available",
            "data.aws_iam_policy_document.batch_assume_role_policy",
            "data.aws_iam_policy_document.task_assume_role_policy"
          ]
        }
      ]
    },
    {
      "mode": "managed",
      "type": "aws_iam_role",
      "name": "aws_batch_service_role",
      "provider": "provider[\"registry.terraform.io/hashicorp/aws\"]",
      "instances": [
        {
          "schema_version": 0,
          "attributes": {
            "arn": "arn:aws:iam::685053870964:role/openpdfai_batch_service_role_production",
            "assume_role_policy": "{\"Statement\":[{\"Action\":\"sts:AssumeRole\",\"Effect\":\"Allow\",\"Principal\":{\"Service\":\"batch.amazonaws.com\"}}],\"Version\":\"2012-10-17\"}",
            "create_date": "2024-01-02T15:27:56Z",
            "description": "",
            "force_detach_policies": false,
            "id": "openpdfai_batch_service_role_production",
            "inline_policy": [],
            "managed_policy_arns": [
              "arn:aws:iam::aws:policy/service-role/AWSBatchServiceRole"
            ],
            "max_session_duration": 3600,
            "name": "openpdfai_batch_service_role_production",
            "name_prefix": "",
            "path": "/",
            "permissions_boundary": "",
            "tags": {},
            "tags_all": {},
            "unique_id": "AROAZ7ADEQN2KZR4EMZJ4"
          },
          "sensitive_attributes": [],
          "private": "bnVsbA==",
          "dependencies": [
            "data.aws_iam_policy_document.batch_assume_role_policy"
          ]
        }
      ]
    },
    {
      "mode": "managed",
      "type": "aws_iam_role",
      "name": "ecs_task_execution_role",
      "provider": "provider[\"registry.terraform.io/hashicorp/aws\"]",
      "instances": [
        {
          "schema_version": 0,
          "attributes": {
            "arn": "arn:aws:iam::685053870964:role/openpdfai_ecs_execution_role_production",
            "assume_role_policy": "{\"Statement\":[{\"Action\":\"sts:AssumeRole\",\"Effect\":\"Allow\",\"Principal\":{\"Service\":\"ecs-tasks.amazonaws.com\"}}],\"Version\":\"2012-10-17\"}",
            "create_date": "2023-12-31T06:03:18Z",
            "description": "",
            "force_detach_policies": false,
            "id": "openpdfai_ecs_execution_role_production",
            "inline_policy": [],
            "managed_policy_arns": [
              "arn:aws:iam::aws:policy/service-role/AmazonECSTaskExecutionRolePolicy"
            ],
            "max_session_duration": 3600,
            "name": "openpdfai_ecs_execution_role_production",
            "name_prefix": "",
            "path": "/",
            "permissions_boundary": "",
            "tags": {},
            "tags_all": {},
            "unique_id": "AROAZ7ADEQN2JTPVC3THI"
          },
          "sensitive_attributes": [],
          "private": "bnVsbA==",
          "dependencies": [
            "data.aws_iam_policy_document.task_assume_role_policy"
          ]
        }
      ]
    },
    {
      "mode": "managed",
      "type": "aws_iam_role",
      "name": "ecs_task_iam_role",
      "provider": "provider[\"registry.terraform.io/hashicorp/aws\"]",
      "instances": [
        {
          "schema_version": 0,
          "attributes": {
            "arn": "arn:aws:iam::685053870964:role/openpdfai_ecs_task_iam_role_production",
            "assume_role_policy": "{\"Statement\":[{\"Action\":\"sts:AssumeRole\",\"Effect\":\"Allow\",\"Principal\":{\"Service\":\"ecs-tasks.amazonaws.com\"}}],\"Version\":\"2012-10-17\"}",
            "create_date": "2023-12-31T06:03:18Z",
            "description": "",
            "force_detach_policies": false,
            "id": "openpdfai_ecs_task_iam_role_production",
            "inline_policy": [],
            "managed_policy_arns": [],
            "max_session_duration": 3600,
            "name": "openpdfai_ecs_task_iam_role_production",
            "name_prefix": "",
            "path": "/",
            "permissions_boundary": "",
            "tags": {},
            "tags_all": {},
            "unique_id": "AROAZ7ADEQN2HTOEVWEPM"
          },
          "sensitive_attributes": [],
          "private": "bnVsbA==",
          "dependencies": [
            "data.aws_iam_policy_document.task_assume_role_policy"
          ]
        }
      ]
    },
    {
      "mode": "managed",
      "type": "aws_iam_role_policy_attachment",
      "name": "aws_batch_service_role",
      "provider": "provider[\"registry.terraform.io/hashicorp/aws\"]",
      "instances": [
        {
          "schema_version": 0,
          "attributes": {
            "id": "openpdfai_batch_service_role_production-20240102152757359700000001",
            "policy_arn": "arn:aws:iam::aws:policy/service-role/AWSBatchServiceRole",
            "role": "openpdfai_batch_service_role_production"
          },
          "sensitive_attributes": [],
          "private": "bnVsbA==",
          "dependencies": [
            "aws_iam_role.aws_batch_service_role",
            "data.aws_iam_policy_document.batch_assume_role_policy"
          ]
        }
      ]
    },
    {
      "mode": "managed",
      "type": "aws_iam_role_policy_attachment",
      "name": "ecs_task_execution_role_policy",
      "provider": "provider[\"registry.terraform.io/hashicorp/aws\"]",
      "instances": [
        {
          "schema_version": 0,
          "attributes": {
            "id": "openpdfai_ecs_execution_role_production-20231231060319113900000001",
            "policy_arn": "arn:aws:iam::aws:policy/service-role/AmazonECSTaskExecutionRolePolicy",
            "role": "openpdfai_ecs_execution_role_production"
          },
          "sensitive_attributes": [],
          "private": "bnVsbA==",
          "dependencies": [
            "aws_iam_role.ecs_task_execution_role",
            "data.aws_iam_policy_document.task_assume_role_policy"
          ]
        }
      ]
    },
    {
      "mode": "managed",
      "type": "aws_internet_gateway",
      "name": "default",
      "provider": "provider[\"registry.terraform.io/hashicorp/aws\"]",
      "instances": [
        {
          "schema_version": 0,
          "attributes": {
            "arn": "arn:aws:ec2:us-east-1:685053870964:internet-gateway/igw-00c6be6da36ddeab2",
            "id": "igw-00c6be6da36ddeab2",
            "owner_id": "685053870964",
            "tags": {
              "Name": "openpdfai_internet_way_production"
            },
            "tags_all": {
              "Name": "openpdfai_internet_way_production"
            },
            "timeouts": null,
            "vpc_id": "vpc-0e301d98cf9f55f15"
          },
          "sensitive_attributes": [],
          "private": "eyJlMmJmYjczMC1lY2FhLTExZTYtOGY4OC0zNDM2M2JjN2M0YzAiOnsiY3JlYXRlIjoxMjAwMDAwMDAwMDAwLCJkZWxldGUiOjEyMDAwMDAwMDAwMDAsInVwZGF0ZSI6MTIwMDAwMDAwMDAwMH19",
          "dependencies": [
            "aws_vpc.default"
          ]
        }
      ]
    },
    {
      "mode": "managed",
      "type": "aws_main_route_table_association",
      "name": "public_main",
      "provider": "provider[\"registry.terraform.io/hashicorp/aws\"]",
      "instances": [
        {
          "schema_version": 0,
          "attributes": {
            "id": "rtbassoc-0defc08dcc6a02ede",
            "original_route_table_id": "rtb-0b12c0699a5784317",
            "route_table_id": "rtb-0649dc02ec102aefc",
            "timeouts": null,
            "vpc_id": "vpc-0e301d98cf9f55f15"
          },
          "sensitive_attributes": [],
          "private": "eyJlMmJmYjczMC1lY2FhLTExZTYtOGY4OC0zNDM2M2JjN2M0YzAiOnsiY3JlYXRlIjozMDAwMDAwMDAwMDAsImRlbGV0ZSI6MzAwMDAwMDAwMDAwLCJ1cGRhdGUiOjEyMDAwMDAwMDAwMH19",
          "dependencies": [
            "aws_internet_gateway.default",
            "aws_route_table.public",
            "aws_vpc.default"
          ]
        }
      ]
    },
    {
      "mode": "managed",
      "type": "aws_route53_record",
      "name": "generic_certificate_validation",
      "provider": "provider[\"registry.terraform.io/hashicorp/aws\"]",
      "instances": [
        {
          "schema_version": 2,
          "attributes": {
            "alias": [],
            "allow_overwrite": null,
            "cidr_routing_policy": [],
            "failover_routing_policy": [],
            "fqdn": "_3e1579418773b231aef9bf49bcda968c.api.openpdfai.com",
            "geolocation_routing_policy": [],
            "health_check_id": "",
            "id": "Z073049339YP5F6A141SC__3e1579418773b231aef9bf49bcda968c.api.openpdfai.com._CNAME",
            "latency_routing_policy": [],
            "multivalue_answer_routing_policy": false,
            "name": "_3e1579418773b231aef9bf49bcda968c.api.openpdfai.com",
            "records": [
              "_08c1756eae3bfbadd19e7258fe47a23b.mhbtsbpdnt.acm-validations.aws."
            ],
            "set_identifier": "",
            "ttl": 300,
            "type": "CNAME",
            "weighted_routing_policy": [],
            "zone_id": "Z073049339YP5F6A141SC"
          },
          "sensitive_attributes": [],
          "private": "eyJzY2hlbWFfdmVyc2lvbiI6IjIifQ==",
          "dependencies": [
            "aws_acm_certificate.alb_certificate",
            "aws_route53_zone.service"
          ]
        }
      ]
    },
    {
      "mode": "managed",
      "type": "aws_route53_record",
      "name": "service",
      "provider": "provider[\"registry.terraform.io/hashicorp/aws\"]",
      "instances": [
        {
          "schema_version": 2,
          "attributes": {
            "alias": [],
            "allow_overwrite": null,
            "cidr_routing_policy": [],
            "failover_routing_policy": [],
            "fqdn": "api.openpdfai.com",
            "geolocation_routing_policy": [],
            "health_check_id": "",
            "id": "Z01269421QOLY23TA37AB_api.openpdfai.com_NS",
            "latency_routing_policy": [],
            "multivalue_answer_routing_policy": false,
            "name": "api.openpdfai.com",
            "records": [
              "ns-117.awsdns-14.com",
              "ns-1188.awsdns-20.org",
              "ns-1665.awsdns-16.co.uk",
              "ns-915.awsdns-50.net"
            ],
            "set_identifier": "",
            "ttl": 300,
            "type": "NS",
            "weighted_routing_policy": [],
            "zone_id": "Z01269421QOLY23TA37AB"
          },
          "sensitive_attributes": [],
          "private": "eyJzY2hlbWFfdmVyc2lvbiI6IjIifQ==",
          "dependencies": [
            "aws_route53_zone.service"
          ]
        }
      ]
    },
    {
      "mode": "managed",
      "type": "aws_route53_record",
      "name": "service_record",
      "provider": "provider[\"registry.terraform.io/hashicorp/aws\"]",
      "instances": [
        {
          "schema_version": 2,
          "attributes": {
            "alias": [
              {
                "evaluate_target_health": false,
                "name": "openpdfai-alb-production-177321001.us-east-1.elb.amazonaws.com",
                "zone_id": "Z35SXDOTRQ7X7K"
              }
            ],
            "allow_overwrite": null,
            "cidr_routing_policy": [],
            "failover_routing_policy": [],
            "fqdn": "api.openpdfai.com",
            "geolocation_routing_policy": [],
            "health_check_id": "",
            "id": "Z073049339YP5F6A141SC_api.openpdfai.com_A",
            "latency_routing_policy": [],
            "multivalue_answer_routing_policy": false,
            "name": "api.openpdfai.com",
            "records": [],
            "set_identifier": "",
            "ttl": 0,
            "type": "A",
            "weighted_routing_policy": [],
            "zone_id": "Z073049339YP5F6A141SC"
          },
          "sensitive_attributes": [],
          "private": "eyJzY2hlbWFfdmVyc2lvbiI6IjIifQ==",
          "dependencies": [
            "aws_alb.alb",
            "aws_route53_zone.service",
            "aws_security_group.alb",
            "aws_subnet.public",
            "aws_vpc.default",
            "data.aws_availability_zones.available"
          ]
        }
      ]
    },
    {
      "mode": "managed",
      "type": "aws_route53_zone",
      "name": "service",
      "provider": "provider[\"registry.terraform.io/hashicorp/aws\"]",
      "instances": [
        {
          "schema_version": 0,
          "attributes": {
            "arn": "arn:aws:route53:::hostedzone/Z073049339YP5F6A141SC",
            "comment": "Managed by Terraform",
            "delegation_set_id": "",
            "force_destroy": false,
            "id": "Z073049339YP5F6A141SC",
            "name": "api.openpdfai.com",
            "name_servers": [
              "ns-117.awsdns-14.com",
              "ns-1188.awsdns-20.org",
              "ns-1665.awsdns-16.co.uk",
              "ns-915.awsdns-50.net"
            ],
            "primary_name_server": "ns-915.awsdns-50.net",
            "tags": {},
            "tags_all": {},
            "vpc": [],
            "zone_id": "Z073049339YP5F6A141SC"
          },
          "sensitive_attributes": [],
          "private": "bnVsbA=="
        }
      ]
    },
    {
      "mode": "managed",
      "type": "aws_route_table",
      "name": "public",
      "provider": "provider[\"registry.terraform.io/hashicorp/aws\"]",
      "instances": [
        {
          "schema_version": 0,
          "attributes": {
            "arn": "arn:aws:ec2:us-east-1:685053870964:route-table/rtb-0649dc02ec102aefc",
            "id": "rtb-0649dc02ec102aefc",
            "owner_id": "685053870964",
            "propagating_vgws": [],
            "route": [
              {
                "carrier_gateway_id": "",
                "cidr_block": "0.0.0.0/0",
                "core_network_arn": "",
                "destination_prefix_list_id": "",
                "egress_only_gateway_id": "",
                "gateway_id": "igw-00c6be6da36ddeab2",
                "ipv6_cidr_block": "",
                "local_gateway_id": "",
                "nat_gateway_id": "",
                "network_interface_id": "",
                "transit_gateway_id": "",
                "vpc_endpoint_id": "",
                "vpc_peering_connection_id": ""
              }
            ],
            "tags": {
              "Name": "openpdfai_public_route_table_production"
            },
            "tags_all": {
              "Name": "openpdfai_public_route_table_production"
            },
            "timeouts": null,
            "vpc_id": "vpc-0e301d98cf9f55f15"
          },
          "sensitive_attributes": [],
          "private": "eyJlMmJmYjczMC1lY2FhLTExZTYtOGY4OC0zNDM2M2JjN2M0YzAiOnsiY3JlYXRlIjozMDAwMDAwMDAwMDAsImRlbGV0ZSI6MzAwMDAwMDAwMDAwLCJ1cGRhdGUiOjEyMDAwMDAwMDAwMH19",
          "dependencies": [
            "aws_internet_gateway.default",
            "aws_vpc.default"
          ]
        }
      ]
    },
    {
      "mode": "managed",
      "type": "aws_route_table_association",
      "name": "public",
      "provider": "provider[\"registry.terraform.io/hashicorp/aws\"]",
      "instances": [
        {
          "index_key": 0,
          "schema_version": 0,
          "attributes": {
            "gateway_id": "",
            "id": "rtbassoc-018b61b9acada9795",
            "route_table_id": "rtb-0649dc02ec102aefc",
            "subnet_id": "subnet-01c7f7ecee20ff84c",
            "timeouts": null
          },
          "sensitive_attributes": [],
          "private": "eyJlMmJmYjczMC1lY2FhLTExZTYtOGY4OC0zNDM2M2JjN2M0YzAiOnsiY3JlYXRlIjozMDAwMDAwMDAwMDAsImRlbGV0ZSI6MzAwMDAwMDAwMDAwLCJ1cGRhdGUiOjEyMDAwMDAwMDAwMH19",
          "dependencies": [
            "aws_internet_gateway.default",
            "aws_route_table.public",
            "aws_subnet.public",
            "aws_vpc.default",
            "data.aws_availability_zones.available"
          ]
        },
        {
          "index_key": 1,
          "schema_version": 0,
          "attributes": {
            "gateway_id": "",
            "id": "rtbassoc-0bce369229fb31cc0",
            "route_table_id": "rtb-0649dc02ec102aefc",
            "subnet_id": "subnet-0b95d0a4f94246514",
            "timeouts": null
          },
          "sensitive_attributes": [],
          "private": "eyJlMmJmYjczMC1lY2FhLTExZTYtOGY4OC0zNDM2M2JjN2M0YzAiOnsiY3JlYXRlIjozMDAwMDAwMDAwMDAsImRlbGV0ZSI6MzAwMDAwMDAwMDAwLCJ1cGRhdGUiOjEyMDAwMDAwMDAwMH19",
          "dependencies": [
            "aws_internet_gateway.default",
            "aws_route_table.public",
            "aws_subnet.public",
            "aws_vpc.default",
            "data.aws_availability_zones.available"
          ]
        }
      ]
    },
    {
      "mode": "managed",
      "type": "aws_security_group",
      "name": "alb",
      "provider": "provider[\"registry.terraform.io/hashicorp/aws\"]",
      "instances": [
        {
          "schema_version": 1,
          "attributes": {
            "arn": "arn:aws:ec2:us-east-1:685053870964:security-group/sg-019c795a70f3ef492",
            "description": "Security group for ALB",
            "egress": [
              {
                "cidr_blocks": [
                  "0.0.0.0/0"
                ],
                "description": "Allow all egress traffic",
                "from_port": 0,
                "ipv6_cidr_blocks": [],
                "prefix_list_ids": [],
                "protocol": "-1",
                "security_groups": [],
                "self": false,
                "to_port": 0
              }
            ],
            "id": "sg-019c795a70f3ef492",
            "ingress": [
              {
                "cidr_blocks": [
                  "0.0.0.0/0"
                ],
                "description": "Allow incoming https trafic",
                "from_port": 443,
                "ipv6_cidr_blocks": [],
                "prefix_list_ids": [],
                "protocol": "tcp",
                "security_groups": [],
                "self": false,
                "to_port": 443
              }
            ],
            "name": "openpdfai_alb_security_group_production",
            "name_prefix": "",
            "owner_id": "685053870964",
            "revoke_rules_on_delete": false,
            "tags": {
              "Name": "openpdfai_alb_security_group_production"
            },
            "tags_all": {
              "Name": "openpdfai_alb_security_group_production"
            },
            "timeouts": null,
            "vpc_id": "vpc-0e301d98cf9f55f15"
          },
          "sensitive_attributes": [],
          "private": "eyJlMmJmYjczMC1lY2FhLTExZTYtOGY4OC0zNDM2M2JjN2M0YzAiOnsiY3JlYXRlIjo2MDAwMDAwMDAwMDAsImRlbGV0ZSI6OTAwMDAwMDAwMDAwfSwic2NoZW1hX3ZlcnNpb24iOiIxIn0=",
          "dependencies": [
            "aws_vpc.default"
          ]
        }
      ]
    },
    {
      "mode": "managed",
      "type": "aws_security_group",
      "name": "batch",
      "provider": "provider[\"registry.terraform.io/hashicorp/aws\"]",
      "instances": [
        {
          "schema_version": 1,
          "attributes": {
            "arn": "arn:aws:ec2:us-east-1:685053870964:security-group/sg-0fbd7898fb99912eb",
            "description": "Security Groupe for Batch",
            "egress": [
              {
                "cidr_blocks": [
                  "0.0.0.0/0"
                ],
                "description": "",
                "from_port": 0,
                "ipv6_cidr_blocks": [],
                "prefix_list_ids": [],
                "protocol": "-1",
                "security_groups": [],
                "self": false,
                "to_port": 0
              }
            ],
            "id": "sg-0fbd7898fb99912eb",
            "ingress": [],
            "name": "openpdfai_batch_production",
            "name_prefix": "",
            "owner_id": "685053870964",
            "revoke_rules_on_delete": false,
            "tags": {
              "Name": "openpdfai_batch_production"
            },
            "tags_all": {
              "Name": "openpdfai_batch_production"
            },
            "timeouts": null,
            "vpc_id": "vpc-0e301d98cf9f55f15"
          },
          "sensitive_attributes": [],
          "private": "eyJlMmJmYjczMC1lY2FhLTExZTYtOGY4OC0zNDM2M2JjN2M0YzAiOnsiY3JlYXRlIjo2MDAwMDAwMDAwMDAsImRlbGV0ZSI6OTAwMDAwMDAwMDAwfSwic2NoZW1hX3ZlcnNpb24iOiIxIn0=",
          "dependencies": [
            "aws_vpc.default"
          ]
        }
      ]
    },
    {
      "mode": "managed",
      "type": "aws_security_group",
      "name": "ecs_container_instance",
      "provider": "provider[\"registry.terraform.io/hashicorp/aws\"]",
      "instances": [
        {
          "schema_version": 1,
          "attributes": {
            "arn": "arn:aws:ec2:us-east-1:685053870964:security-group/sg-012e27f9c3b5dee8e",
            "description": "Security group for ECS task running on Fargate",
            "egress": [
              {
                "cidr_blocks": [
                  "0.0.0.0/0"
                ],
                "description": "Allow all egress traffic",
                "from_port": 0,
                "ipv6_cidr_blocks": [],
                "prefix_list_ids": [],
                "protocol": "-1",
                "security_groups": [],
                "self": false,
                "to_port": 0
              }
            ],
            "id": "sg-012e27f9c3b5dee8e",
            "ingress": [
              {
                "cidr_blocks": [],
                "description": "Allow ingress traffic from ALB on HTTP only",
                "from_port": 8000,
                "ipv6_cidr_blocks": [],
                "prefix_list_ids": [],
                "protocol": "tcp",
                "security_groups": [
                  "sg-019c795a70f3ef492"
                ],
                "self": false,
                "to_port": 8000
              }
            ],
            "name": "openpdfai_ecs_task_security_group_production",
            "name_prefix": "",
            "owner_id": "685053870964",
            "revoke_rules_on_delete": false,
            "tags": {
              "Name": "openpdfai_ecs_task_security_group_production"
            },
            "tags_all": {
              "Name": "openpdfai_ecs_task_security_group_production"
            },
            "timeouts": null,
            "vpc_id": "vpc-0e301d98cf9f55f15"
          },
          "sensitive_attributes": [],
          "private": "eyJlMmJmYjczMC1lY2FhLTExZTYtOGY4OC0zNDM2M2JjN2M0YzAiOnsiY3JlYXRlIjo2MDAwMDAwMDAwMDAsImRlbGV0ZSI6OTAwMDAwMDAwMDAwfSwic2NoZW1hX3ZlcnNpb24iOiIxIn0=",
          "dependencies": [
            "aws_security_group.alb",
            "aws_vpc.default"
          ]
        }
      ]
    },
    {
      "mode": "managed",
      "type": "aws_security_group",
      "name": "rds_postgres",
      "provider": "provider[\"registry.terraform.io/hashicorp/aws\"]",
      "instances": [
        {
          "schema_version": 1,
          "attributes": {
            "arn": "arn:aws:ec2:us-east-1:685053870964:security-group/sg-052369b5cf7bd51f8",
            "description": "Managed by Terraform",
            "egress": [],
            "id": "sg-052369b5cf7bd51f8",
            "ingress": [
              {
                "cidr_blocks": [
                  "0.0.0.0/0"
                ],
                "description": "",
                "from_port": 5432,
                "ipv6_cidr_blocks": [],
                "prefix_list_ids": [],
                "protocol": "tcp",
                "security_groups": [],
                "self": false,
                "to_port": 5432
              }
            ],
            "name": "terraform-20240103093112957500000001",
            "name_prefix": "terraform-",
            "owner_id": "685053870964",
            "revoke_rules_on_delete": false,
            "tags": {
              "Name": "openpdfai_rds_postgres_security_group_production"
            },
            "tags_all": {
              "Name": "openpdfai_rds_postgres_security_group_production"
            },
            "timeouts": null,
            "vpc_id": "vpc-0e301d98cf9f55f15"
          },
          "sensitive_attributes": [],
          "private": "eyJlMmJmYjczMC1lY2FhLTExZTYtOGY4OC0zNDM2M2JjN2M0YzAiOnsiY3JlYXRlIjo2MDAwMDAwMDAwMDAsImRlbGV0ZSI6OTAwMDAwMDAwMDAwfSwic2NoZW1hX3ZlcnNpb24iOiIxIn0=",
          "dependencies": [
            "aws_vpc.default"
          ]
        }
      ]
    },
    {
      "mode": "managed",
      "type": "aws_subnet",
      "name": "private",
      "provider": "provider[\"registry.terraform.io/hashicorp/aws\"]",
      "instances": [
        {
          "index_key": 0,
          "schema_version": 1,
          "attributes": {
            "arn": "arn:aws:ec2:us-east-1:685053870964:subnet/subnet-04f7281fe63b7e17f",
            "assign_ipv6_address_on_creation": false,
            "availability_zone": "us-east-1a",
            "availability_zone_id": "use1-az1",
            "cidr_block": "10.1.0.0/24",
            "customer_owned_ipv4_pool": "",
            "enable_dns64": false,
            "enable_lni_at_device_index": 0,
            "enable_resource_name_dns_a_record_on_launch": false,
            "enable_resource_name_dns_aaaa_record_on_launch": false,
            "id": "subnet-04f7281fe63b7e17f",
            "ipv6_cidr_block": "",
            "ipv6_cidr_block_association_id": "",
            "ipv6_native": false,
            "map_customer_owned_ip_on_launch": false,
            "map_public_ip_on_launch": false,
            "outpost_arn": "",
            "owner_id": "685053870964",
            "private_dns_hostname_type_on_launch": "ip-name",
            "tags": {
              "Name": "openpdfai_private_subnet_0_production"
            },
            "tags_all": {
              "Name": "openpdfai_private_subnet_0_production"
            },
            "timeouts": null,
            "vpc_id": "vpc-0e301d98cf9f55f15"
          },
          "sensitive_attributes": [],
          "private": "eyJlMmJmYjczMC1lY2FhLTExZTYtOGY4OC0zNDM2M2JjN2M0YzAiOnsiY3JlYXRlIjo2MDAwMDAwMDAwMDAsImRlbGV0ZSI6MTIwMDAwMDAwMDAwMH0sInNjaGVtYV92ZXJzaW9uIjoiMSJ9",
          "dependencies": [
            "aws_vpc.default",
            "data.aws_availability_zones.available"
          ]
        },
        {
          "index_key": 1,
          "schema_version": 1,
          "attributes": {
            "arn": "arn:aws:ec2:us-east-1:685053870964:subnet/subnet-027b277cc55eff5a1",
            "assign_ipv6_address_on_creation": false,
            "availability_zone": "us-east-1b",
            "availability_zone_id": "use1-az2",
            "cidr_block": "10.1.1.0/24",
            "customer_owned_ipv4_pool": "",
            "enable_dns64": false,
            "enable_lni_at_device_index": 0,
            "enable_resource_name_dns_a_record_on_launch": false,
            "enable_resource_name_dns_aaaa_record_on_launch": false,
            "id": "subnet-027b277cc55eff5a1",
            "ipv6_cidr_block": "",
            "ipv6_cidr_block_association_id": "",
            "ipv6_native": false,
            "map_customer_owned_ip_on_launch": false,
            "map_public_ip_on_launch": false,
            "outpost_arn": "",
            "owner_id": "685053870964",
            "private_dns_hostname_type_on_launch": "ip-name",
            "tags": {
              "Name": "openpdfai_private_subnet_1_production"
            },
            "tags_all": {
              "Name": "openpdfai_private_subnet_1_production"
            },
            "timeouts": null,
            "vpc_id": "vpc-0e301d98cf9f55f15"
          },
          "sensitive_attributes": [],
          "private": "eyJlMmJmYjczMC1lY2FhLTExZTYtOGY4OC0zNDM2M2JjN2M0YzAiOnsiY3JlYXRlIjo2MDAwMDAwMDAwMDAsImRlbGV0ZSI6MTIwMDAwMDAwMDAwMH0sInNjaGVtYV92ZXJzaW9uIjoiMSJ9",
          "dependencies": [
            "aws_vpc.default",
            "data.aws_availability_zones.available"
          ]
        }
      ]
    },
    {
      "mode": "managed",
      "type": "aws_subnet",
      "name": "public",
      "provider": "provider[\"registry.terraform.io/hashicorp/aws\"]",
      "instances": [
        {
          "index_key": 0,
          "schema_version": 1,
          "attributes": {
            "arn": "arn:aws:ec2:us-east-1:685053870964:subnet/subnet-01c7f7ecee20ff84c",
            "assign_ipv6_address_on_creation": false,
            "availability_zone": "us-east-1a",
            "availability_zone_id": "use1-az1",
            "cidr_block": "10.1.2.0/24",
            "customer_owned_ipv4_pool": "",
            "enable_dns64": false,
            "enable_lni_at_device_index": 0,
            "enable_resource_name_dns_a_record_on_launch": false,
            "enable_resource_name_dns_aaaa_record_on_launch": false,
            "id": "subnet-01c7f7ecee20ff84c",
            "ipv6_cidr_block": "",
            "ipv6_cidr_block_association_id": "",
            "ipv6_native": false,
            "map_customer_owned_ip_on_launch": false,
            "map_public_ip_on_launch": true,
            "outpost_arn": "",
            "owner_id": "685053870964",
            "private_dns_hostname_type_on_launch": "ip-name",
            "tags": {
              "Name": "openpdfai_public_subnet_0_production"
            },
            "tags_all": {
              "Name": "openpdfai_public_subnet_0_production"
            },
            "timeouts": null,
            "vpc_id": "vpc-0e301d98cf9f55f15"
          },
          "sensitive_attributes": [],
          "private": "eyJlMmJmYjczMC1lY2FhLTExZTYtOGY4OC0zNDM2M2JjN2M0YzAiOnsiY3JlYXRlIjo2MDAwMDAwMDAwMDAsImRlbGV0ZSI6MTIwMDAwMDAwMDAwMH0sInNjaGVtYV92ZXJzaW9uIjoiMSJ9",
          "dependencies": [
            "aws_vpc.default",
            "data.aws_availability_zones.available"
          ]
        },
        {
          "index_key": 1,
          "schema_version": 1,
          "attributes": {
            "arn": "arn:aws:ec2:us-east-1:685053870964:subnet/subnet-0b95d0a4f94246514",
            "assign_ipv6_address_on_creation": false,
            "availability_zone": "us-east-1b",
            "availability_zone_id": "use1-az2",
            "cidr_block": "10.1.3.0/24",
            "customer_owned_ipv4_pool": "",
            "enable_dns64": false,
            "enable_lni_at_device_index": 0,
            "enable_resource_name_dns_a_record_on_launch": false,
            "enable_resource_name_dns_aaaa_record_on_launch": false,
            "id": "subnet-0b95d0a4f94246514",
            "ipv6_cidr_block": "",
            "ipv6_cidr_block_association_id": "",
            "ipv6_native": false,
            "map_customer_owned_ip_on_launch": false,
            "map_public_ip_on_launch": true,
            "outpost_arn": "",
            "owner_id": "685053870964",
            "private_dns_hostname_type_on_launch": "ip-name",
            "tags": {
              "Name": "openpdfai_public_subnet_1_production"
            },
            "tags_all": {
              "Name": "openpdfai_public_subnet_1_production"
            },
            "timeouts": null,
            "vpc_id": "vpc-0e301d98cf9f55f15"
          },
          "sensitive_attributes": [],
          "private": "eyJlMmJmYjczMC1lY2FhLTExZTYtOGY4OC0zNDM2M2JjN2M0YzAiOnsiY3JlYXRlIjo2MDAwMDAwMDAwMDAsImRlbGV0ZSI6MTIwMDAwMDAwMDAwMH0sInNjaGVtYV92ZXJzaW9uIjoiMSJ9",
          "dependencies": [
            "aws_vpc.default",
            "data.aws_availability_zones.available"
          ]
        }
      ]
    },
    {
      "mode": "managed",
      "type": "aws_vpc",
      "name": "default",
      "provider": "provider[\"registry.terraform.io/hashicorp/aws\"]",
      "instances": [
        {
          "schema_version": 1,
          "attributes": {
            "arn": "arn:aws:ec2:us-east-1:685053870964:vpc/vpc-0e301d98cf9f55f15",
            "assign_generated_ipv6_cidr_block": false,
            "cidr_block": "10.1.0.0/16",
            "default_network_acl_id": "acl-0faf723f7946bef59",
            "default_route_table_id": "rtb-0649dc02ec102aefc",
            "default_security_group_id": "sg-04871833b8b99b0ee",
            "dhcp_options_id": "dopt-00659f0b18da46697",
            "enable_dns_hostnames": true,
            "enable_dns_support": true,
            "enable_network_address_usage_metrics": false,
            "id": "vpc-0e301d98cf9f55f15",
            "instance_tenancy": "default",
            "ipv4_ipam_pool_id": null,
            "ipv4_netmask_length": null,
            "ipv6_association_id": "",
            "ipv6_cidr_block": "",
            "ipv6_cidr_block_network_border_group": "",
            "ipv6_ipam_pool_id": "",
            "ipv6_netmask_length": 0,
            "main_route_table_id": "rtb-0649dc02ec102aefc",
            "owner_id": "685053870964",
            "tags": {
              "Name": "openpdfai_vpc_production"
            },
            "tags_all": {
              "Name": "openpdfai_vpc_production"
            }
          },
          "sensitive_attributes": [],
          "private": "eyJzY2hlbWFfdmVyc2lvbiI6IjEifQ=="
        }
      ]
    }
  ],
  "check_results": null
}
